{
  "version": 2,
  "dependencies": {
    "net10.0": {
      "AngleSharp": {
        "type": "Transitive",
        "resolved": "1.6.0",
        "contentHash": "kVnhnZlM4Yww2KWqW3uSL8isvhYsrTTBMSPAgoF8ZhMrLSoay6783AP6dQxAj1J9gvWKi3OIM4ZezdE2Y4ufCQ=="
      },
      "AngleSharp.Css": {
        "type": "Transitive",
        "resolved": "1.0.0",
        "contentHash": "yMpYcNkI/ZHTt+qZMczhHEAHZV0AZf75nqJ5LqERFXvJGOFLJjwr0eqaYXqYlt9JPojOd+OkZLlGbnsmKjmh+g==",
        "dependencies": {
          "AngleSharp": "[1.5.0, 2.0.0)"
        }
      },
      "BouncyCastle.Cryptography": {
        "type": "Transitive",
        "resolved": "2.6.2",
        "contentHash": "7oWOcvnntmMKNzDLsdxAYqApt+AjpRpP2CShjMfIa3umZ42UQMvH0tl1qAliYPNYO6vTdcGMqnRrCPmsfzTI1w=="
      },
      "Microsoft.Bcl.Cryptography": {
        "type": "Transitive",
        "resolved": "10.0.2",
        "contentHash": "LG9Yll3B5aNpxv0+D47g6LiOiKBIlodhcHdQwcYzo8VeexFLGqx5ymetmA2aBRyo9cCcWsQWrFsdbsr8LvmWDw=="
      },
      "Microsoft.EntityFrameworkCore.Abstractions": {
        "type": "Transitive",
        "resolved": "10.0.10",
        "contentHash": "bOzrFCl6uZCjaSh2bG1ToRQRdx+iXvxosCg9hFyG9OWeAzOFI4xev9OqKeWfKf/kAHyox2JnbcvLVf2ceA7sqA=="
      },
      "Microsoft.EntityFrameworkCore.Analyzers": {
        "type": "Transitive",
        "resolved": "10.0.10",
        "contentHash": "2gLDordUCGf3aNOOuqtTbP5mxhiP9nk6TnvGiE3RnqT891O+Zf/qKu1PIREubs1M16A0SImr4vULBfU5BTDs1Q=="
      },
      "Microsoft.Extensions.AmbientMetadata.Application": {
        "type": "Transitive",
        "resolved": "10.8.0",
        "contentHash": "/FYCIyhRLrDwIg29tB/21/Rp7XMaEP/gWR5Cxyi4GgWcN/v/XXUpU52yhQux0s2SQy1Z0C1wnhptCMvLaaT45Q=="
      },
      "Microsoft.Extensions.Compliance.Abstractions": {
        "type": "Transitive",
        "resolved": "10.8.0",
        "contentHash": "7I0DXMTCqpXpXg+SLLDlfedtv6DN5Lgiv+PR3MclzqKPOHNB17YP42KMNI61ckSrffh0xsuIqQyCIjvWc6vUuw=="
      },
      "Microsoft.Extensions.DependencyInjection.AutoActivation": {
        "type": "Transitive",
        "resolved": "10.8.0",
        "contentHash": "LXwOAsnrflu2ln+Bxj7y3Zc/Pn4HquCCRzW81oOIuRsM8F75TxwA/ZpSFZ5E1+YkVpndz7BcHY4ThFSjjA4vbQ=="
      },
      "Microsoft.Extensions.Diagnostics.ExceptionSummarization": {
        "type": "Transitive",
        "resolved": "10.8.0",
        "contentHash": "tXmzwQeWgiycaLOtvSFnz0TPkJxXTyZrkwSVPTr83FgSiMj3BD/8eIbvrpGi5rzc2AgfKyegKo1ntJlJFey1Zg=="
      },
      "Microsoft.Extensions.Http.Diagnostics": {
        "type": "Transitive",
        "resolved": "10.8.0",
        "contentHash": "2pYnolFkigH7N6A5WHdGx93iZ8dIhrBnu4ZkjvB6RwbHzYmIy/iXVe12pdrViNDdeBSmKZ5FA9YP/xhwLT7q7A==",
        "dependencies": {
          "Microsoft.Extensions.Telemetry": "10.8.0"
        }
      },
      "Microsoft.Extensions.Resilience": {
        "type": "Transitive",
        "resolved": "10.8.0",
        "contentHash": "RH/gv0ZcCnQ3d30lxb8+T2o661TwZq/K5eMwp488goQLX1QYqWN3i8L8XlN9DhrqP2Zcf0EtsWaKpJO3yHDUTw==",
        "dependencies": {
          "Microsoft.Extensions.Diagnostics.ExceptionSummarization": "10.8.0",
          "Microsoft.Extensions.Telemetry.Abstractions": "10.8.0",
          "Polly.Extensions": "8.4.2",
          "Polly.RateLimiting": "8.4.2"
        }
      },
      "Microsoft.Extensions.Telemetry": {
        "type": "Transitive",
        "resolved": "10.8.0",
        "contentHash": "IIWjDZguUJt6yNld9J4V88xuOUzpC76wBwfnRJLRmacmyTTl9jA8+KP5PuHPi7CKz/Vk/q+lQYmobiopuzapzA==",
        "dependencies": {
          "Microsoft.Extensions.AmbientMetadata.Application": "10.8.0",
          "Microsoft.Extensions.DependencyInjection.AutoActivation": "10.8.0",
          "Microsoft.Extensions.Telemetry.Abstractions": "10.8.0"
        }
      },
      "Microsoft.Extensions.Telemetry.Abstractions": {
        "type": "Transitive",
        "resolved": "10.8.0",
        "contentHash": "XHlOerNKjVrPJqbuFi196tyFhS7eNMoPUC800xJmCGsSiruE/goGoKyBKzS1HeelAGnoFPFrS+LgNitXNeEYRQ==",
        "dependencies": {
          "Microsoft.Extensions.Compliance.Abstractions": "10.8.0"
        }
      },
      "Microsoft.IdentityModel.Abstractions": {
        "type": "Transitive",
        "resolved": "8.19.2",
        "contentHash": "HJbo/lnSfNHUfphPRT910poQc4T2/9+8svFLvzuaYHGAOJ2Tu+oEDqpX0BVP3BJ4OuUM1kylEKyaiX2fCAK3Cw=="
      },
      "Microsoft.IdentityModel.JsonWebTokens": {
        "type": "Transitive",
        "resolved": "8.19.2",
        "contentHash": "ui3fuBT4fs8kdKfBthI4NzLYIBIneEVS8UrL1JVBzAn80UiKmngBBi0BEByE7n/9c+EElcfFlCMFFTqpkBSLNA==",
        "dependencies": {
          "Microsoft.IdentityModel.Tokens": "8.19.2"
        }
      },
      "Microsoft.IdentityModel.Logging": {
        "type": "Transitive",
        "resolved": "8.19.2",
        "contentHash": "r5YLDIxGOnkVJHrqXv/iD1FM1CgGrQOdriXuvuWvTPmKbnGANhEysq9XKmN6IHjf2a+9bAGEpnoRBsAQlvJU5w==",
        "dependencies": {
          "Microsoft.IdentityModel.Abstractions": "8.19.2"
        }
      },
      "Microsoft.IdentityModel.Protocols": {
        "type": "Transitive",
        "resolved": "8.19.2",
        "contentHash": "sGxSsSrZXNmca6D+jHH2rVRyo2nNRd/g4H9CFbPmLLq0xgoH1U0orLWE5minfijw7+zq49tBs7txenbfAErRoQ==",
        "dependencies": {
          "Microsoft.IdentityModel.Tokens": "8.19.2"
        }
      },
      "Microsoft.IdentityModel.Protocols.OpenIdConnect": {
        "type": "Transitive",
        "resolved": "8.19.2",
        "contentHash": "1XOcyY36cVymzE3qKdzKaUEZ4Pzt7ZpSa14JZoPPK1NLFUkQDs85TCqpV6XDo0YjFXj6nVK00AfOHppjghjhtw==",
        "dependencies": {
          "Microsoft.IdentityModel.Protocols": "8.19.2",
          "System.IdentityModel.Tokens.Jwt": "8.19.2"
        }
      },
      "Microsoft.IdentityModel.Tokens": {
        "type": "Transitive",
        "resolved": "8.19.2",
        "contentHash": "GtPC1S02uH1gOO4fQ+zRysIicKmEXaYFP8PIkdJYXqMyruYhopre4ozVHp0XiDSA0+GJvOZH9prxCPvgBMg4Ww==",
        "dependencies": {
          "Microsoft.Bcl.Cryptography": "10.0.2",
          "Microsoft.IdentityModel.Logging": "8.19.2"
        }
      },
      "MimeKit": {
        "type": "Transitive",
        "resolved": "4.17.0",
        "contentHash": "h/KXsCreJf8RpR/PSAtlbvYtZFndp9N8Wn1Bs248AL7ITyhn+AiIY5bLTvt60tbN2mu6g8KadtBNWygTji2lqg==",
        "dependencies": {
          "BouncyCastle.Cryptography": "2.6.2",
          "System.Security.Cryptography.Pkcs": "10.0.0"
        }
      },
      "Npgsql": {
        "type": "Transitive",
        "resolved": "10.0.3",
        "contentHash": "7nb5YzXuvWWJxB0J8DiyL3we+X4FOctZrt0fIBnucOIaIevFEEwGQVZKtiu9olXdlNAK1eNgqSral6r/jlhI4w=="
      },
      "OpenIddict.Abstractions": {
        "type": "Transitive",
        "resolved": "7.6.0",
        "contentHash": "Fp2MUvm6wwsqk6+ieUM/3MTMlbCL1zwSXixM0xC22FgKcl5EQB7E0vV38IRI/rSF8UGgvC/AOjMOF6FoFyks8g==",
        "dependencies": {
          "Microsoft.IdentityModel.Tokens": "8.19.2"
        }
      },
      "OpenIddict.Core": {
        "type": "Transitive",
        "resolved": "7.6.0",
        "contentHash": "LJQ+GsSY6Nfw5FZ4NzCvL2kwYU1GNz6ygiUNGvqcKP0qXwstU59RDAjNKTCGkPPq4TQGnETqr4UsJgyK+AFxeA==",
        "dependencies": {
          "OpenIddict.Abstractions": "7.6.0"
        }
      },
      "OpenIddict.EntityFrameworkCore.Models": {
        "type": "Transitive",
        "resolved": "7.6.0",
        "contentHash": "DrWB0dLfsg3mZhWABAlqSZKXin4Q4Pn8V4S7/1JxP5T/7Ncl0y45rM9L2EWv/zdydaiTOFKi4jRDBZAgBxUjaQ=="
      },
      "OpenIddict.Server": {
        "type": "Transitive",
        "resolved": "7.6.0",
        "contentHash": "0c7wlRYcP2Smgjp3PWyyojZ972H26otp6irW/WAFEbg4ZylcUvtlw0lkrCr/K8s5lAnYZwrpyzguwrJhXGKPVg==",
        "dependencies": {
          "Microsoft.IdentityModel.JsonWebTokens": "8.19.2",
          "OpenIddict.Abstractions": "7.6.0"
        }
      },
      "OpenIddict.Validation": {
        "type": "Transitive",
        "resolved": "7.6.0",
        "contentHash": "ovzLQJ31uWZpgLdRVuD9Gmu8wxvhvbXW32MFTglFblhfqRwj/hMcEGOo8hdl+ir3QpDr9NUDAORA+v3S7xc6IA==",
        "dependencies": {
          "Microsoft.IdentityModel.JsonWebTokens": "8.19.2",
          "Microsoft.IdentityModel.Protocols": "8.19.2",
          "OpenIddict.Abstractions": "7.6.0"
        }
      },
      "OpenTelemetry": {
        "type": "Transitive",
        "resolved": "1.17.0",
        "contentHash": "rMLOTftlMlTm7+MSrvXDHnJRjVkROFNKXHZrYjOsX+LankaFG7QSflx7qRRGjoqZoirohnxmJQ7GEb9occO4Gg==",
        "dependencies": {
          "OpenTelemetry.Api.ProviderBuilderExtensions": "1.17.0"
        }
      },
      "OpenTelemetry.Api": {
        "type": "Transitive",
        "resolved": "1.17.0",
        "contentHash": "mSBxzomZgHIJu9CyVNqyDu/n2JHEtqVgfcCD1Br0cV5iLYogjZOMqhlVLt99PEp+0KGBNUR3GXgeOdN2GR3F9g=="
      },
      "OpenTelemetry.Api.ProviderBuilderExtensions": {
        "type": "Transitive",
        "resolved": "1.17.0",
        "contentHash": "Xgc3Qf9B9TFMFpx6exTdGqMWuYIT2miNzkdMPutVvT9YuMFaEovXWke1Gb6z8NxYaQbbGF38vYLuSg1JCeui5Q==",
        "dependencies": {
          "OpenTelemetry.Api": "1.17.0"
        }
      },
      "Polly.Core": {
        "type": "Transitive",
        "resolved": "8.4.2",
        "contentHash": "BpE2I6HBYYA5tF0Vn4eoQOGYTYIK1BlF5EXVgkWGn3mqUUjbXAr13J6fZVbp7Q3epRR8yshacBMlsHMhpOiV3g=="
      },
      "Polly.Extensions": {
        "type": "Transitive",
        "resolved": "8.4.2",
        "contentHash": "GZ9vRVmR0jV2JtZavt+pGUsQ1O1cuRKG7R7VOZI6ZDy9y6RNPvRvXK1tuS4ffUrv8L0FTea59oEuQzgS0R7zSA==",
        "dependencies": {
          "Polly.Core": "8.4.2"
        }
      },
      "Polly.RateLimiting": {
        "type": "Transitive",
        "resolved": "8.4.2",
        "contentHash": "ehTImQ/eUyO07VYW2WvwSmU9rRH200SKJ/3jku9rOkyWE0A2JxNFmAVms8dSn49QLSjmjFRRSgfNyOgr/2PSmA==",
        "dependencies": {
          "Polly.Core": "8.4.2"
        }
      },
      "RESPite": {
        "type": "Transitive",
        "resolved": "3.1.3",
        "contentHash": "E/XxKN+lr/lcd2IWnWg/PQyToIi2k4pG8GtJrs0UlbmjWAm1VO2sRTZJqKuyJk7TQk/hnllwa1XYfchIcGqKTg=="
      },
      "StructuredFieldValues": {
        "type": "Transitive",
        "resolved": "0.7.7",
        "contentHash": "eqrFBXmowuor0M6KLjbkm8tfjADW9Jqy2rQi+SUrNkwU/AuDVHgHLAWmRhHiYVhq57QYzZNmdyKnsYWJTW0d/g=="
      },
      "System.IdentityModel.Tokens.Jwt": {
        "type": "Transitive",
        "resolved": "8.19.2",
        "contentHash": "gqhDC/icByKEutygpr+OFgAmjwTVowyzFjWB8K0q1ww8uFj5a1BQNL+QvijUl9uhq4p8OdDwcAIrjVC+eC9FVA==",
        "dependencies": {
          "Microsoft.IdentityModel.JsonWebTokens": "8.19.2",
          "Microsoft.IdentityModel.Tokens": "8.19.2"
        }
      },
      "System.IO.Hashing": {
        "type": "Transitive",
        "resolved": "10.0.5",
        "contentHash": "8IBJWcCT9+e4Bmevm4T7+fQEiAh133KGiz4oiVTgJckd3Q76OFdR1falgn9lpz7+C4HJvogCDJeAa2QmvbeVtg=="
      },
      "System.Security.Cryptography.Pkcs": {
        "type": "Transitive",
        "resolved": "10.0.0",
        "contentHash": "UPWqLSygJlFerRi9XNIuM0a1VC8gHUIufyP24xQ0sc+XimqUAEcjpOz9DhKpyDjH+5B/wO3RpC0KpkEeDj/ddg=="
      },
      "activitypub.application": {
        "type": "Project",
        "dependencies": {
          "ActivityPub.Domain": "[1.0.0, )"
        }
      },
      "activitypub.domain": {
        "type": "Project"
      },
      "activitypub.federation": {
        "type": "Project",
        "dependencies": {
          "ActivityPub.Application": "[1.0.0, )",
          "ActivityPub.Domain": "[1.0.0, )",
          "HtmlSanitizer": "[9.1.974, )",
          "Microsoft.Extensions.Http.Resilience": "[10.8.0, )",
          "NSign.Abstractions": "[1.2.4, )",
          "NSign.AspNetCore": "[1.2.4, )",
          "NSign.Client": "[1.2.4, )",
          "NSign.SignatureProviders": "[1.2.4, )"
        }
      },
      "activitypub.identity": {
        "type": "Project",
        "dependencies": {
          "ActivityPub.Application": "[1.0.0, )",
          "MailKit": "[4.17.0, )",
          "Microsoft.AspNetCore.Authentication.JwtBearer": "[10.0.10, )",
          "Microsoft.AspNetCore.Authentication.OpenIdConnect": "[10.0.10, )",
          "Microsoft.AspNetCore.Identity.EntityFrameworkCore": "[10.0.10, )",
          "Microsoft.Extensions.Http.Resilience": "[10.8.0, )",
          "OpenIddict.EntityFrameworkCore": "[7.6.0, )",
          "OpenIddict.Server.AspNetCore": "[7.6.0, )",
          "OpenIddict.Validation.AspNetCore": "[7.6.0, )",
          "OpenIddict.Validation.ServerIntegration": "[7.6.0, )"
        }
      },
      "activitypub.operations": {
        "type": "Project",
        "dependencies": {
          "ActivityPub.Application": "[1.0.0, )",
          "ActivityPub.Persistence": "[1.0.0, )",
          "OpenTelemetry.Exporter.OpenTelemetryProtocol": "[1.17.0, )",
          "OpenTelemetry.Extensions.Hosting": "[1.17.0, )",
          "OpenTelemetry.Instrumentation.AspNetCore": "[1.17.0, )",
          "OpenTelemetry.Instrumentation.Http": "[1.17.0, )",
          "OpenTelemetry.Instrumentation.Runtime": "[1.17.0, )"
        }
      },
      "activitypub.persistence": {
        "type": "Project",
        "dependencies": {
          "ActivityPub.Application": "[1.0.0, )",
          "ActivityPub.Domain": "[1.0.0, )",
          "ActivityPub.Identity": "[1.0.0, )",
          "Microsoft.AspNetCore.DataProtection.EntityFrameworkCore": "[10.0.10, )",
          "Microsoft.AspNetCore.Identity.EntityFrameworkCore": "[10.0.10, )",
          "Microsoft.EntityFrameworkCore": "[10.0.10, )",
          "Npgsql.EntityFrameworkCore.PostgreSQL": "[10.0.3, )",
          "OpenIddict.EntityFrameworkCore": "[7.6.0, )",
          "StackExchange.Redis": "[3.1.3, )"
        }
      },
      "HtmlSanitizer": {
        "type": "CentralTransitive",
        "requested": "[9.1.974, )",
        "resolved": "9.1.974",
        "contentHash": "aNhlO/5IatTdLCHcaNDhp2FPvf73+NxmhaUJ+bhdoA49aJ9qqLdPHkZ/1oRGk/jj2uUlftuc0ToLx84tb6Hjvw==",
        "dependencies": {
          "AngleSharp": "1.6.0",
          "AngleSharp.Css": "1.0.0"
        }
      },
      "MailKit": {
        "type": "CentralTransitive",
        "requested": "[4.17.0, )",
        "resolved": "4.17.0",
        "contentHash": "1nUAVLxM9fhT/78we6/AGsCesnpn5dRNLLeRqOfr52Wnk87pzVwo5YMTMyqnmoXrYc7piGhmayiMA/OgDluIjg==",
        "dependencies": {
          "MimeKit": "4.17.0"
        }
      },
      "Microsoft.AspNetCore.Authentication.JwtBearer": {
        "type": "CentralTransitive",
        "requested": "[10.0.10, )",
        "resolved": "10.0.10",
        "contentHash": "VAcqS42zb9WJd9DjPdkVTS5YrQENmNzPNJuRu8VAW7x3TEWUipc4d4hHzVJdFB0h/KLdr4XcXZzRHcUOKVanMQ==",
        "dependencies": {
          "Microsoft.IdentityModel.Protocols.OpenIdConnect": "8.19.2"
        }
      },
      "Microsoft.AspNetCore.Authentication.OpenIdConnect": {
        "type": "CentralTransitive",
        "requested": "[10.0.10, )",
        "resolved": "10.0.10",
        "contentHash": "JSFSrOzl1N1iBbUIVGVdB+WaKeswxHR6qJAlE+PxImYZPhSM8KlrBRRSi3Oxytpx3DY25W8BJMKHvtMbHBxFZg==",
        "dependencies": {
          "Microsoft.IdentityModel.Protocols.OpenIdConnect": "8.19.2"
        }
      },
      "Microsoft.AspNetCore.DataProtection.EntityFrameworkCore": {
        "type": "CentralTransitive",
        "requested": "[10.0.10, )",
        "resolved": "10.0.10",
        "contentHash": "aDcFxkljLWxpOsDh8Wz9Mbmj067p/nl4LouZA9gU54MeivntGqvA67Z3b4hf+oU7SiTtOCI2KPD8FDVZlH8EKA==",
        "dependencies": {
          "Microsoft.EntityFrameworkCore": "10.0.10"
        }
      },
      "Microsoft.AspNetCore.Identity.EntityFrameworkCore": {
        "type": "CentralTransitive",
        "requested": "[10.0.10, )",
        "resolved": "10.0.10",
        "contentHash": "/ZV8RMWbWob1ZGsF5f1wVJNNlFLPKCf2ba834PpQiNhirVQ/ksup5SujtuUsvByHEZgv+9dmjC/4Xdi75axmXQ==",
        "dependencies": {
          "Microsoft.EntityFrameworkCore.Relational": "10.0.10"
        }
      },
      "Microsoft.EntityFrameworkCore": {
        "type": "CentralTransitive",
        "requested": "[10.0.10, )",
        "resolved": "10.0.10",
        "contentHash": "a0V7zj/VbYP6dTdWpUgE/r2PuLKtUGe2aJ0lVKkn/wP9ZhaxUz2kQydVfvOjCv2SKxlrqdBfHhPD4Cvlf+4ffA==",
        "dependencies": {
          "Microsoft.EntityFrameworkCore.Abstractions": "10.0.10",
          "Microsoft.EntityFrameworkCore.Analyzers": "10.0.10"
        }
      },
      "Microsoft.EntityFrameworkCore.Relational": {
        "type": "CentralTransitive",
        "requested": "[10.0.10, )",
        "resolved": "10.0.10",
        "contentHash": "wNonj40aZxia+GtuBiiD6ZqVh4h6y5Nje1bGdmzZ8/ui0QRsAN+S0SIrLHFCEGbG9cDbeaE40sh+Lr7o9rRs6g==",
        "dependencies": {
          "Microsoft.EntityFrameworkCore": "10.0.10"
        }
      },
      "Microsoft.Extensions.Http.Resilience": {
        "type": "CentralTransitive",
        "requested": "[10.8.0, )",
        "resolved": "10.8.0",
        "contentHash": "XtbZyYVxSNn1Aj2Z0PA8yauS12hPszTWDZ3GtZ5Vww7Ai3d8Pm841jMBnTvoTf1t9mRf3eSB38V5KUWxH6/4oQ==",
        "dependencies": {
          "Microsoft.Extensions.Http.Diagnostics": "10.8.0",
          "Microsoft.Extensions.Resilience": "10.8.0"
        }
      },
      "Npgsql.EntityFrameworkCore.PostgreSQL": {
        "type": "CentralTransitive",
        "requested": "[10.0.3, )",
        "resolved": "10.0.3",
        "contentHash": "IPGrrZnRkuW7OlHDhUESZz4G5DLkW7Nej/O3Cx+0iTsgyU5XJxBgpsvTHLloo3WWuAKKbDHXBvWPVkX1deRh1Q==",
        "dependencies": {
          "Microsoft.EntityFrameworkCore": "[10.0.4, 11.0.0)",
          "Microsoft.EntityFrameworkCore.Relational": "[10.0.4, 11.0.0)",
          "Npgsql": "10.0.3"
        }
      },
      "NSign.Abstractions": {
        "type": "CentralTransitive",
        "requested": "[1.2.4, )",
        "resolved": "1.2.4",
        "contentHash": "7u+Rvo1DeHoRo7+KUD4IrsjK30miSd9gYEcwXL30T5NPXxeN/NIFTzdrNljCMl9o87eZ5SkgnDuDbDfl0OKRYQ==",
        "dependencies": {
          "StructuredFieldValues": "0.7.7"
        }
      },
      "NSign.AspNetCore": {
        "type": "CentralTransitive",
        "requested": "[1.2.4, )",
        "resolved": "1.2.4",
        "contentHash": "o0Bc9WEkkwepz+seeo5SlCpkPabQVxPEuPTA52wIvd4U3YnsJTSyZtrolfZRvWIM8Yk4VvZZAEvPHCaY9QKeqg==",
        "dependencies": {
          "NSign.Abstractions": "1.2.4",
          "StructuredFieldValues": "0.7.7"
        }
      },
      "NSign.Client": {
        "type": "CentralTransitive",
        "requested": "[1.2.4, )",
        "resolved": "1.2.4",
        "contentHash": "KEtltC11s8EXRGfAomu1dzUwzMEZ5mC0ZkwVBH5BE3jNZig+z5UpTxGBmDblSDcOmkPwgZd2+ZKT1jbYH2l0QQ==",
        "dependencies": {
          "NSign.Abstractions": "1.2.4",
          "StructuredFieldValues": "0.7.7"
        }
      },
      "NSign.SignatureProviders": {
        "type": "CentralTransitive",
        "requested": "[1.2.4, )",
        "resolved": "1.2.4",
        "contentHash": "ElFmVZ6gpN1wo+l6rI7vd2gT2E25baWHZ9glILidYoa/xmDvYD7HvXc/wKSjG4DbL6zfJLidyzwo4TBWYfF3Mg==",
        "dependencies": {
          "NSign.Abstractions": "1.2.4"
        }
      },
      "OpenIddict.EntityFrameworkCore": {
        "type": "CentralTransitive",
        "requested": "[7.6.0, )",
        "resolved": "7.6.0",
        "contentHash": "BWbgvgKbDcg3EuNJvmXtUzeLxg9c4bU+PfDnZetCjGwcnlCsWcASkjVexKKevtUgWxRWJTQFRchMA09OKmOF/w==",
        "dependencies": {
          "Microsoft.EntityFrameworkCore.Relational": "10.0.10",
          "OpenIddict.Core": "7.6.0",
          "OpenIddict.EntityFrameworkCore.Models": "7.6.0"
        }
      },
      "OpenIddict.Server.AspNetCore": {
        "type": "CentralTransitive",
        "requested": "[7.6.0, )",
        "resolved": "7.6.0",
        "contentHash": "m2Hk2R4gaTlEYBvNHz2fvIr38p1agiR2nW2gi5WMgSByFHxeEK5uhxqVGdSB2kEHRtp9kza/zBWBgIM4TdcVqw==",
        "dependencies": {
          "OpenIddict.Server": "7.6.0"
        }
      },
      "OpenIddict.Validation.AspNetCore": {
        "type": "CentralTransitive",
        "requested": "[7.6.0, )",
        "resolved": "7.6.0",
        "contentHash": "oby5/Ymdxd+g1TGtyTGrcK5J3/NSI80aw2CJgULwwIxraiCjiIfexrBjCxkPchWqPNFe6aAdGJ/Jz6amHNfrzg==",
        "dependencies": {
          "OpenIddict.Validation": "7.6.0"
        }
      },
      "OpenIddict.Validation.ServerIntegration": {
        "type": "CentralTransitive",
        "requested": "[7.6.0, )",
        "resolved": "7.6.0",
        "contentHash": "0bHhKsMV45UMPM5Phh51+g/tMUJNRzOWe6p/5opKeMQV8XoO3y3J9o/ZbfZ0j4qTTbQ7pqzEKSZaS4cGs0B3nQ==",
        "dependencies": {
          "OpenIddict.Server": "7.6.0",
          "OpenIddict.Validation": "7.6.0"
        }
      },
      "OpenTelemetry.Exporter.OpenTelemetryProtocol": {
        "type": "CentralTransitive",
        "requested": "[1.17.0, )",
        "resolved": "1.17.0",
        "contentHash": "R1omQOrQpGlS0Cp5UIr/TAiuEA48JrPlgr1NPV5gESiTU7HhWU+ILe2EBSYb1fKdsSavZ7nZkHcUxAzofPqr2A==",
        "dependencies": {
          "OpenTelemetry": "1.17.0"
        }
      },
      "OpenTelemetry.Extensions.Hosting": {
        "type": "CentralTransitive",
        "requested": "[1.17.0, )",
        "resolved": "1.17.0",
        "contentHash": "t1OwL/4qgboGMobYVT+UV5zgWnFqCp4Pw8lcsmzh8m2K8PQsTKkyxrC32tqYTMYny3GOW4q5cltE3dTVzLmRew==",
        "dependencies": {
          "OpenTelemetry": "1.17.0"
        }
      },
      "OpenTelemetry.Instrumentation.AspNetCore": {
        "type": "CentralTransitive",
        "requested": "[1.17.0, )",
        "resolved": "1.17.0",
        "contentHash": "rGbmk1vuy1kvgZmE0ps7Vb99YZvDap6AalrrF60FwnNit1uW/PbeFZj1cpb0T8MPkYmjhBrRJ1/JB6QqXkRjHA==",
        "dependencies": {
          "OpenTelemetry.Api.ProviderBuilderExtensions": "[1.17.0, 2.0.0)"
        }
      },
      "OpenTelemetry.Instrumentation.Http": {
        "type": "CentralTransitive",
        "requested": "[1.17.0, )",
        "resolved": "1.17.0",
        "contentHash": "uTwVtxIJ/xB96wGYTaDsbkJVeCFdUxTwvrlDUn2YJixy0UuKc8DvQMzwKNJMTzNFiiyYO9c40id6tUHTmWs33A==",
        "dependencies": {
          "OpenTelemetry.Api.ProviderBuilderExtensions": "[1.17.0, 2.0.0)"
        }
      },
      "OpenTelemetry.Instrumentation.Runtime": {
        "type": "CentralTransitive",
        "requested": "[1.17.0, )",
        "resolved": "1.17.0",
        "contentHash": "HyYenisDn/xdtyVXdjImsCl+RNC2gq01N0rvSR7tsYAylXR2sxX/YgMsyTajMXA27+r1vB7lNU8cWRhV0fwL+Q==",
        "dependencies": {
          "OpenTelemetry.Api": "[1.17.0, 2.0.0)"
        }
      },
      "StackExchange.Redis": {
        "type": "CentralTransitive",
        "requested": "[3.1.3, )",
        "resolved": "3.1.3",
        "contentHash": "6m3ca55rhCgR65y7xlCxXQE1CnMdfAuLQRzv8kveSmqIYxByZlHNQM5MBEFMigNNvsgGq2WG7T+oNyOaZ9/VzA==",
        "dependencies": {
          "RESPite": "3.1.3",
          "System.IO.Hashing": "10.0.5"
        }
      }
    }
  }
}